version = 1
revision = 3
requires-python = ">=3.13"

[[package]]
name = "exabgp"
version = "4.2.25"
source = { registry = "https://pypi.org/simple" }
dependencies = [
    { name = "setuptools" },
]
sdist = { url = "https://files.pythonhosted.org/packages/ec/b0/858e9386a92815babb68b3e0c7db4102eebb94dcca2e8b185decb50b21e8/exabgp-4.2.25.tar.gz", hash = "sha256:df47e3bdeda6beb517c67b444ae69e5beb4bb437579e9239b1b5400ce6eb21eb", size = 356089, upload-time = "2025-03-17T10:03:17.516Z" }

[[package]]
name = "py"
version = "0.1.0"
source = { virtual = "." }
dependencies = [
    { name = "exabgp" },
]

[package.metadata]
requires-dist = [{ name = "exabgp", specifier = "==4.2.25" }]

[[package]]
name = "setuptools"
version = "82.0.0"
source = { registry = "https://pypi.org/simple" }
sdist = { url = "https://files.pythonhosted.org/packages/82/f3/748f4d6f65d1756b9ae577f329c951cda23fb900e4de9f70900ced962085/setuptools-82.0.0.tar.gz", hash = "sha256:22e0a2d69474c6ae4feb01951cb69d515ed23728cf96d05513d36e42b62b37cb", size = 1144893, upload-time = "2026-02-08T15:08:40.206Z" }
wheels = [
    { url = "https://files.pythonhosted.org/packages/e1/c6/76dc613121b793286a3f91621d7b75a2b493e0390ddca50f11993eadf192/setuptools-82.0.0-py3-none-any.whl", hash = "sha256:70b18734b607bd1da571d097d236cfcfacaf01de45717d59e6e04b96877532e0", size = 1003468, upload-time = "2026-02-08T15:08:38.723Z" },
]
